
Microsoft Visual Studio Solution File, Format Version 12.00
# Visual Studio 14
VisualStudioVersion = 14.0.25420.1
MinimumVisualStudioVersion = 10.0.40219.1
Project("{FAE04EC0-301F-11D3-BF4B-00C04F79EFBC}") = "Slalom.Stacks.CodeAnalysis", "Slalom.Stacks.CodeAnalysis\Slalom.Stacks.CodeAnalysis\Slalom.Stacks.CodeAnalysis.csproj", "{46B25D42-CDE4-4532-BD98-566D8F73FA5D}"
EndProject
Project("{FAE04EC0-301F-11D3-BF4B-00C04F79EFBC}") = "Slalom.Stacks.CodeAnalysis.Test", "Slalom.Stacks.CodeAnalysis\Slalom.Stacks.CodeAnalysis.Test\Slalom.Stacks.CodeAnalysis.Test.csproj", "{04F0101D-3016-4EC8-B173-176351B66319}"
EndProject
Project("{FAE04EC0-301F-11D3-BF4B-00C04F79EFBC}") = "Slalom.Stacks.CodeAnalysis.Vsix", "Slalom.Stacks.CodeAnalysis\Slalom.Stacks.CodeAnalysis.Vsix\Slalom.Stacks.CodeAnalysis.Vsix.csproj", "{149A0683-ED85-4E3D-B1A1-8383D74DA3A2}"
EndProject
Global
	GlobalSection(SolutionConfigurationPlatforms) = preSolution
		Debug|Any CPU = Debug|Any CPU
		Release|Any CPU = Release|Any CPU
	EndGlobalSection
	GlobalSection(ProjectConfigurationPlatforms) = postSolution
		{46B25D42-CDE4-4532-BD98-566D8F73FA5D}.Debug|Any CPU.ActiveCfg = Debug|Any CPU
		{46B25D42-CDE4-4532-BD98-566D8F73FA5D}.Debug|Any CPU.Build.0 = Debug|Any CPU
		{46B25D42-CDE4-4532-BD98-566D8F73FA5D}.Release|Any CPU.ActiveCfg = Release|Any CPU
		{46B25D42-CDE4-4532-BD98-566D8F73FA5D}.Release|Any CPU.Build.0 = Release|Any CPU
		{04F0101D-3016-4EC8-B173-176351B66319}.Debug|Any CPU.ActiveCfg = Debug|Any CPU
		{04F0101D-3016-4EC8-B173-176351B66319}.Debug|Any CPU.Build.0 = Debug|Any CPU
		{04F0101D-3016-4EC8-B173-176351B66319}.Release|Any CPU.ActiveCfg = Release|Any CPU
		{04F0101D-3016-4EC8-B173-176351B66319}.Release|Any CPU.Build.0 = Release|Any CPU
		{149A0683-ED85-4E3D-B1A1-8383D74DA3A2}.Debug|Any CPU.ActiveCfg = Debug|Any CPU
		{149A0683-ED85-4E3D-B1A1-8383D74DA3A2}.Debug|Any CPU.Build.0 = Debug|Any CPU
		{149A0683-ED85-4E3D-B1A1-8383D74DA3A2}.Release|Any CPU.ActiveCfg = Release|Any CPU
		{149A0683-ED85-4E3D-B1A1-8383D74DA3A2}.Release|Any CPU.Build.0 = Release|Any CPU
	EndGlobalSection
	GlobalSection(SolutionProperties) = preSolution
		HideSolutionNode = FALSE
	EndGlobalSection
EndGlobal
